
Microsoft Visual Studio Solution File, Format Version 12.00
# Visual Studio Version 17
VisualStudioVersion = 17.7.34221.43
MinimumVisualStudioVersion = 10.0.40219.1
Project("{8BC9CEB8-8B4A-11D0-8D11-00A0C91BC942}") = "C++ tehtävät 2", "C++ tehtävät 2\C++ tehtävät 2.vcxproj", "{61CF3150-7EB8-49F3-8E32-75C55F9BD691}"
EndProject
Project("{8BC9CEB8-8B4A-11D0-8D11-00A0C91BC942}") = "C++ tehtävät 1", "C++ tehtävät 1\C++ tehtävät 1.vcxproj", "{E6DF323D-2750-4E52-B32B-5B3B58442FEA}"
EndProject
Global
	GlobalSection(SolutionConfigurationPlatforms) = preSolution
		Debug|x64 = Debug|x64
		Debug|x86 = Debug|x86
		Release|x64 = Release|x64
		Release|x86 = Release|x86
	EndGlobalSection
	GlobalSection(ProjectConfigurationPlatforms) = postSolution
		{61CF3150-7EB8-49F3-8E32-75C55F9BD691}.Debug|x64.ActiveCfg = Debug|x64
		{61CF3150-7EB8-49F3-8E32-75C55F9BD691}.Debug|x64.Build.0 = Debug|x64
		{61CF3150-7EB8-49F3-8E32-75C55F9BD691}.Debug|x86.ActiveCfg = Debug|Win32
		{61CF3150-7EB8-49F3-8E32-75C55F9BD691}.Debug|x86.Build.0 = Debug|Win32
		{61CF3150-7EB8-49F3-8E32-75C55F9BD691}.Release|x64.ActiveCfg = Release|x64
		{61CF3150-7EB8-49F3-8E32-75C55F9BD691}.Release|x64.Build.0 = Release|x64
		{61CF3150-7EB8-49F3-8E32-75C55F9BD691}.Release|x86.ActiveCfg = Release|Win32
		{61CF3150-7EB8-49F3-8E32-75C55F9BD691}.Release|x86.Build.0 = Release|Win32
		{E6DF323D-2750-4E52-B32B-5B3B58442FEA}.Debug|x64.ActiveCfg = Debug|x64
		{E6DF323D-2750-4E52-B32B-5B3B58442FEA}.Debug|x64.Build.0 = Debug|x64
		{E6DF323D-2750-4E52-B32B-5B3B58442FEA}.Debug|x86.ActiveCfg = Debug|Win32
		{E6DF323D-2750-4E52-B32B-5B3B58442FEA}.Debug|x86.Build.0 = Debug|Win32
		{E6DF323D-2750-4E52-B32B-5B3B58442FEA}.Release|x64.ActiveCfg = Release|x64
		{E6DF323D-2750-4E52-B32B-5B3B58442FEA}.Release|x64.Build.0 = Release|x64
		{E6DF323D-2750-4E52-B32B-5B3B58442FEA}.Release|x86.ActiveCfg = Release|Win32
		{E6DF323D-2750-4E52-B32B-5B3B58442FEA}.Release|x86.Build.0 = Release|Win32
	EndGlobalSection
	GlobalSection(SolutionProperties) = preSolution
		HideSolutionNode = FALSE
	EndGlobalSection
	GlobalSection(ExtensibilityGlobals) = postSolution
		SolutionGuid = {F93EC02F-F1DD-4FB7-A465-4C0AA456AC7B}
	EndGlobalSection
EndGlobal
